
Microsoft Visual Studio Solution File, Format Version 12.00
# Visual Studio Version 17
VisualStudioVersion = 17.9.34622.214
MinimumVisualStudioVersion = 10.0.40219.1
Project("{9A19103F-16F7-4668-BE54-9A1E7A4F7556}") = "ExercicioArray.ConsoleApp", "ExercicioArray.ConsoleApp.csproj", "{97F9AB94-3F4A-4EAB-B18A-D3B8D48B1707}"
EndProject
Global
	GlobalSection(SolutionConfigurationPlatforms) = preSolution
		Debug|Any CPU = Debug|Any CPU
		Release|Any CPU = Release|Any CPU
	EndGlobalSection
	GlobalSection(ProjectConfigurationPlatforms) = postSolution
		{97F9AB94-3F4A-4EAB-B18A-D3B8D48B1707}.Debug|Any CPU.ActiveCfg = Debug|Any CPU
		{97F9AB94-3F4A-4EAB-B18A-D3B8D48B1707}.Debug|Any CPU.Build.0 = Debug|Any CPU
		{97F9AB94-3F4A-4EAB-B18A-D3B8D48B1707}.Release|Any CPU.ActiveCfg = Release|Any CPU
		{97F9AB94-3F4A-4EAB-B18A-D3B8D48B1707}.Release|Any CPU.Build.0 = Release|Any CPU
	EndGlobalSection
	GlobalSection(SolutionProperties) = preSolution
		HideSolutionNode = FALSE
	EndGlobalSection
	GlobalSection(ExtensibilityGlobals) = postSolution
		SolutionGuid = {96489A1E-B4A7-400C-AEF3-D6CBE5F86D9D}
	EndGlobalSection
EndGlobal
